
Microsoft Visual Studio Solution File, Format Version 12.00
Project("{2150E333-8FDC-42A3-9474-1A3956D46DE8}") = "src", "src", "{BABB838F-5788-4376-977D-641A5AF813B6}"
EndProject
Project("{2150E333-8FDC-42A3-9474-1A3956D46DE8}") = "projects", "projects", "{8B3F64D7-2C5D-40C5-AA1D-868AD0461D6D}"
EndProject
Project("{2150E333-8FDC-42A3-9474-1A3956D46DE8}") = "core", "core", "{95AA9A8D-9EAC-4420-B704-4062960BEE4F}"
EndProject
Project("{FAE04EC0-301F-11D3-BF4B-00C04F79EFBC}") = "Core.Application", "core\Core.Application\Core.Application.csproj", "{143DB3B3-7810-4530-8339-4F4B587AD5A7}"
EndProject
Project("{FAE04EC0-301F-11D3-BF4B-00C04F79EFBC}") = "Core.CrossCuttingConcerns", "core\Core.CrossCuttingConcerns\Core.CrossCuttingConcerns.csproj", "{A8F3CCC3-54D6-4FF0-87FC-A5595113A05C}"
EndProject
Project("{FAE04EC0-301F-11D3-BF4B-00C04F79EFBC}") = "Core.Persistence", "core\Core.Persistence\Core.Persistence.csproj", "{59AD964F-C331-4681-BD0C-55E6E511FAE1}"
EndProject
Project("{FAE04EC0-301F-11D3-BF4B-00C04F79EFBC}") = "Core.Security", "core\Core.Security\Core.Security.csproj", "{77461B5B-4F10-4F38-9C17-9559BB70090D}"
EndProject
Project("{FAE04EC0-301F-11D3-BF4B-00C04F79EFBC}") = "SMS.Domain", "projects\SMS.Domain\SMS.Domain.csproj", "{F3E9F6E8-4C0E-4D93-A07B-738A26E26987}"
EndProject
Project("{FAE04EC0-301F-11D3-BF4B-00C04F79EFBC}") = "SMS.Application", "projects\SMS.Application\SMS.Application.csproj", "{CD88D37D-E2E8-40F9-8A01-1ADC2547CD6A}"
EndProject
Project("{FAE04EC0-301F-11D3-BF4B-00C04F79EFBC}") = "SMS.Persistance", "projects\SMS.Persistance\SMS.Persistance.csproj", "{6C07FDA8-BE64-4A3F-BA44-5E025EF7BC71}"
EndProject
Project("{FAE04EC0-301F-11D3-BF4B-00C04F79EFBC}") = "SMS.WebAPI", "SMS.WebAPI\SMS.WebAPI.csproj", "{62B033F1-2F96-4DD9-A227-2E6ED0FDC393}"
EndProject
Global
	GlobalSection(SolutionConfigurationPlatforms) = preSolution
		Debug|Any CPU = Debug|Any CPU
		Release|Any CPU = Release|Any CPU
	EndGlobalSection
	GlobalSection(NestedProjects) = preSolution
		{8B3F64D7-2C5D-40C5-AA1D-868AD0461D6D} = {BABB838F-5788-4376-977D-641A5AF813B6}
		{95AA9A8D-9EAC-4420-B704-4062960BEE4F} = {BABB838F-5788-4376-977D-641A5AF813B6}
		{143DB3B3-7810-4530-8339-4F4B587AD5A7} = {95AA9A8D-9EAC-4420-B704-4062960BEE4F}
		{A8F3CCC3-54D6-4FF0-87FC-A5595113A05C} = {95AA9A8D-9EAC-4420-B704-4062960BEE4F}
		{59AD964F-C331-4681-BD0C-55E6E511FAE1} = {95AA9A8D-9EAC-4420-B704-4062960BEE4F}
		{77461B5B-4F10-4F38-9C17-9559BB70090D} = {95AA9A8D-9EAC-4420-B704-4062960BEE4F}
		{F3E9F6E8-4C0E-4D93-A07B-738A26E26987} = {8B3F64D7-2C5D-40C5-AA1D-868AD0461D6D}
		{CD88D37D-E2E8-40F9-8A01-1ADC2547CD6A} = {8B3F64D7-2C5D-40C5-AA1D-868AD0461D6D}
		{6C07FDA8-BE64-4A3F-BA44-5E025EF7BC71} = {8B3F64D7-2C5D-40C5-AA1D-868AD0461D6D}
		{62B033F1-2F96-4DD9-A227-2E6ED0FDC393} = {8B3F64D7-2C5D-40C5-AA1D-868AD0461D6D}
	EndGlobalSection
	GlobalSection(ProjectConfigurationPlatforms) = postSolution
		{143DB3B3-7810-4530-8339-4F4B587AD5A7}.Debug|Any CPU.ActiveCfg = Debug|Any CPU
		{143DB3B3-7810-4530-8339-4F4B587AD5A7}.Debug|Any CPU.Build.0 = Debug|Any CPU
		{143DB3B3-7810-4530-8339-4F4B587AD5A7}.Release|Any CPU.ActiveCfg = Release|Any CPU
		{143DB3B3-7810-4530-8339-4F4B587AD5A7}.Release|Any CPU.Build.0 = Release|Any CPU
		{A8F3CCC3-54D6-4FF0-87FC-A5595113A05C}.Debug|Any CPU.ActiveCfg = Debug|Any CPU
		{A8F3CCC3-54D6-4FF0-87FC-A5595113A05C}.Debug|Any CPU.Build.0 = Debug|Any CPU
		{A8F3CCC3-54D6-4FF0-87FC-A5595113A05C}.Release|Any CPU.ActiveCfg = Release|Any CPU
		{A8F3CCC3-54D6-4FF0-87FC-A5595113A05C}.Release|Any CPU.Build.0 = Release|Any CPU
		{59AD964F-C331-4681-BD0C-55E6E511FAE1}.Debug|Any CPU.ActiveCfg = Debug|Any CPU
		{59AD964F-C331-4681-BD0C-55E6E511FAE1}.Debug|Any CPU.Build.0 = Debug|Any CPU
		{59AD964F-C331-4681-BD0C-55E6E511FAE1}.Release|Any CPU.ActiveCfg = Release|Any CPU
		{59AD964F-C331-4681-BD0C-55E6E511FAE1}.Release|Any CPU.Build.0 = Release|Any CPU
		{77461B5B-4F10-4F38-9C17-9559BB70090D}.Debug|Any CPU.ActiveCfg = Debug|Any CPU
		{77461B5B-4F10-4F38-9C17-9559BB70090D}.Debug|Any CPU.Build.0 = Debug|Any CPU
		{77461B5B-4F10-4F38-9C17-9559BB70090D}.Release|Any CPU.ActiveCfg = Release|Any CPU
		{77461B5B-4F10-4F38-9C17-9559BB70090D}.Release|Any CPU.Build.0 = Release|Any CPU
		{F3E9F6E8-4C0E-4D93-A07B-738A26E26987}.Debug|Any CPU.ActiveCfg = Debug|Any CPU
		{F3E9F6E8-4C0E-4D93-A07B-738A26E26987}.Debug|Any CPU.Build.0 = Debug|Any CPU
		{F3E9F6E8-4C0E-4D93-A07B-738A26E26987}.Release|Any CPU.ActiveCfg = Release|Any CPU
		{F3E9F6E8-4C0E-4D93-A07B-738A26E26987}.Release|Any CPU.Build.0 = Release|Any CPU
		{CD88D37D-E2E8-40F9-8A01-1ADC2547CD6A}.Debug|Any CPU.ActiveCfg = Debug|Any CPU
		{CD88D37D-E2E8-40F9-8A01-1ADC2547CD6A}.Debug|Any CPU.Build.0 = Debug|Any CPU
		{CD88D37D-E2E8-40F9-8A01-1ADC2547CD6A}.Release|Any CPU.ActiveCfg = Release|Any CPU
		{CD88D37D-E2E8-40F9-8A01-1ADC2547CD6A}.Release|Any CPU.Build.0 = Release|Any CPU
		{6C07FDA8-BE64-4A3F-BA44-5E025EF7BC71}.Debug|Any CPU.ActiveCfg = Debug|Any CPU
		{6C07FDA8-BE64-4A3F-BA44-5E025EF7BC71}.Debug|Any CPU.Build.0 = Debug|Any CPU
		{6C07FDA8-BE64-4A3F-BA44-5E025EF7BC71}.Release|Any CPU.ActiveCfg = Release|Any CPU
		{6C07FDA8-BE64-4A3F-BA44-5E025EF7BC71}.Release|Any CPU.Build.0 = Release|Any CPU
		{62B033F1-2F96-4DD9-A227-2E6ED0FDC393}.Debug|Any CPU.ActiveCfg = Debug|Any CPU
		{62B033F1-2F96-4DD9-A227-2E6ED0FDC393}.Debug|Any CPU.Build.0 = Debug|Any CPU
		{62B033F1-2F96-4DD9-A227-2E6ED0FDC393}.Release|Any CPU.ActiveCfg = Release|Any CPU
		{62B033F1-2F96-4DD9-A227-2E6ED0FDC393}.Release|Any CPU.Build.0 = Release|Any CPU
	EndGlobalSection
EndGlobal
